{
  "nodes": {
    "flakes": {
      "locked": {
        "lastModified": 1690044862,
        "narHash": "sha256-W85tVZLYpbXx7UghjHwjsfp+AuMYy0GRgO/q7k+01K0=",
        "owner": "deemp",
        "repo": "flakes",
        "rev": "dc5be39612b176893875fae16fc0911944471683",
        "type": "github"
      },
      "original": {
        "owner": "deemp",
        "repo": "flakes",
        "type": "github"
      }
    },
    "root": {
      "inputs": {
        "flakes": "flakes"
      }
    }
  },
  "root": "root",
  "version": 7
}
