{
  "nodes": {
    "flakes": {
      "locked": {
        "lastModified": 1690037392,
        "narHash": "sha256-cr4iL2lvH97QxKjOAcN5WVBq05uZKcnDE4DUs5/Lhgc=",
        "owner": "deemp",
        "repo": "flakes",
        "rev": "70a7a9ee1b51707f7687d8da17d15fcb8f4cbd4b",
        "type": "github"
      },
      "original": {
        "owner": "deemp",
        "repo": "flakes",
        "type": "github"
      }
    },
    "root": {
      "inputs": {
        "flakes": "flakes"
      }
    }
  },
  "root": "root",
  "version": 7
}
